
Microsoft Visual Studio Solution File, Format Version 12.00
# Visual Studio Version 17
VisualStudioVersion = 17.12.35707.178 d17.12
MinimumVisualStudioVersion = 10.0.40219.1
Project("{FAE04EC0-301F-11D3-BF4B-00C04F79EFBC}") = "DesignPatterns", "DesignPatterns\DesignPatterns.csproj", "{890B857B-D9CE-4F2E-81E7-CED3A45DB8BB}"
EndProject
Project("{FAE04EC0-301F-11D3-BF4B-00C04F79EFBC}") = "SolidPrinciples", "SOLID Principles\SolidPrinciples.csproj", "{C85A99D4-6B64-436D-8FDA-2A1655738B05}"
EndProject
Global
	GlobalSection(SolutionConfigurationPlatforms) = preSolution
		Debug|Any CPU = Debug|Any CPU
		Release|Any CPU = Release|Any CPU
	EndGlobalSection
	GlobalSection(ProjectConfigurationPlatforms) = postSolution
		{890B857B-D9CE-4F2E-81E7-CED3A45DB8BB}.Debug|Any CPU.ActiveCfg = Debug|Any CPU
		{890B857B-D9CE-4F2E-81E7-CED3A45DB8BB}.Debug|Any CPU.Build.0 = Debug|Any CPU
		{890B857B-D9CE-4F2E-81E7-CED3A45DB8BB}.Release|Any CPU.ActiveCfg = Release|Any CPU
		{890B857B-D9CE-4F2E-81E7-CED3A45DB8BB}.Release|Any CPU.Build.0 = Release|Any CPU
		{C85A99D4-6B64-436D-8FDA-2A1655738B05}.Debug|Any CPU.ActiveCfg = Debug|Any CPU
		{C85A99D4-6B64-436D-8FDA-2A1655738B05}.Debug|Any CPU.Build.0 = Debug|Any CPU
		{C85A99D4-6B64-436D-8FDA-2A1655738B05}.Release|Any CPU.ActiveCfg = Release|Any CPU
		{C85A99D4-6B64-436D-8FDA-2A1655738B05}.Release|Any CPU.Build.0 = Release|Any CPU
	EndGlobalSection
	GlobalSection(SolutionProperties) = preSolution
		HideSolutionNode = FALSE
	EndGlobalSection
EndGlobal
